
Microsoft Visual Studio Solution File, Format Version 12.00
# Visual Studio Version 16
VisualStudioVersion = 16.0.31624.102
MinimumVisualStudioVersion = 10.0.40219.1
Project("{FAE04EC0-301F-11D3-BF4B-00C04F79EFBC}") = "Projeto1Extensao", "Projeto1Extensao\Projeto1Extensao.csproj", "{153927B0-B504-4004-9C13-695F7FD8FFBF}"
EndProject
Global
	GlobalSection(SolutionConfigurationPlatforms) = preSolution
		Debug|Any CPU = Debug|Any CPU
		Release|Any CPU = Release|Any CPU
	EndGlobalSection
	GlobalSection(ProjectConfigurationPlatforms) = postSolution
		{153927B0-B504-4004-9C13-695F7FD8FFBF}.Debug|Any CPU.ActiveCfg = Debug|Any CPU
		{153927B0-B504-4004-9C13-695F7FD8FFBF}.Debug|Any CPU.Build.0 = Debug|Any CPU
		{153927B0-B504-4004-9C13-695F7FD8FFBF}.Release|Any CPU.ActiveCfg = Release|Any CPU
		{153927B0-B504-4004-9C13-695F7FD8FFBF}.Release|Any CPU.Build.0 = Release|Any CPU
	EndGlobalSection
	GlobalSection(SolutionProperties) = preSolution
		HideSolutionNode = FALSE
	EndGlobalSection
	GlobalSection(ExtensibilityGlobals) = postSolution
		SolutionGuid = {7BA6F0EB-0A02-4735-86E6-CE48BF4ABD6C}
	EndGlobalSection
EndGlobal
